
Microsoft Visual Studio Solution File, Format Version 12.00
# Visual Studio Version 17
VisualStudioVersion = 17.4.33110.190
MinimumVisualStudioVersion = 10.0.40219.1
Project("{9A19103F-16F7-4668-BE54-9A1E7A4F7556}") = "Challenge02", "Challenge02\Challenge02.csproj", "{BF68D29C-A9D6-4A9A-99AD-E0E72A199BDC}"
EndProject
Project("{9A19103F-16F7-4668-BE54-9A1E7A4F7556}") = "Challenge01", "Challenge01\Challenge01.csproj", "{34677E7D-B091-43AC-8F72-4657D641398C}"
EndProject
Project("{FAE04EC0-301F-11D3-BF4B-00C04F79EFBC}") = "Challenge03", "Challenge03\Challenge03.csproj", "{7BDA936E-5666-4912-94FD-2D45960F18E2}"
EndProject
Global
	GlobalSection(SolutionConfigurationPlatforms) = preSolution
		Debug|Any CPU = Debug|Any CPU
		Release|Any CPU = Release|Any CPU
	EndGlobalSection
	GlobalSection(ProjectConfigurationPlatforms) = postSolution
		{BF68D29C-A9D6-4A9A-99AD-E0E72A199BDC}.Debug|Any CPU.ActiveCfg = Debug|Any CPU
		{BF68D29C-A9D6-4A9A-99AD-E0E72A199BDC}.Debug|Any CPU.Build.0 = Debug|Any CPU
		{BF68D29C-A9D6-4A9A-99AD-E0E72A199BDC}.Release|Any CPU.ActiveCfg = Release|Any CPU
		{BF68D29C-A9D6-4A9A-99AD-E0E72A199BDC}.Release|Any CPU.Build.0 = Release|Any CPU
		{34677E7D-B091-43AC-8F72-4657D641398C}.Debug|Any CPU.ActiveCfg = Debug|Any CPU
		{34677E7D-B091-43AC-8F72-4657D641398C}.Debug|Any CPU.Build.0 = Debug|Any CPU
		{34677E7D-B091-43AC-8F72-4657D641398C}.Release|Any CPU.ActiveCfg = Release|Any CPU
		{34677E7D-B091-43AC-8F72-4657D641398C}.Release|Any CPU.Build.0 = Release|Any CPU
		{7BDA936E-5666-4912-94FD-2D45960F18E2}.Debug|Any CPU.ActiveCfg = Debug|Any CPU
		{7BDA936E-5666-4912-94FD-2D45960F18E2}.Debug|Any CPU.Build.0 = Debug|Any CPU
		{7BDA936E-5666-4912-94FD-2D45960F18E2}.Release|Any CPU.ActiveCfg = Release|Any CPU
		{7BDA936E-5666-4912-94FD-2D45960F18E2}.Release|Any CPU.Build.0 = Release|Any CPU
	EndGlobalSection
	GlobalSection(SolutionProperties) = preSolution
		HideSolutionNode = FALSE
	EndGlobalSection
	GlobalSection(ExtensibilityGlobals) = postSolution
		SolutionGuid = {F776CB71-E935-4D26-A160-E985C163AE09}
	EndGlobalSection
EndGlobal
