
Microsoft Visual Studio Solution File, Format Version 12.00
# Visual Studio Version 17
VisualStudioVersion = 17.4.33110.190
MinimumVisualStudioVersion = 10.0.40219.1
Project("{9A19103F-16F7-4668-BE54-9A1E7A4F7556}") = "Challenge02", "2022\Challenge02\Challenge02.csproj", "{BF68D29C-A9D6-4A9A-99AD-E0E72A199BDC}"
EndProject
Project("{9A19103F-16F7-4668-BE54-9A1E7A4F7556}") = "Challenge01", "2022\Challenge01\Challenge01.csproj", "{34677E7D-B091-43AC-8F72-4657D641398C}"
EndProject
Project("{9A19103F-16F7-4668-BE54-9A1E7A4F7556}") = "Challenge03", "2022\Challenge03\Challenge03.csproj", "{7BDA936E-5666-4912-94FD-2D45960F18E2}"
EndProject
Project("{9A19103F-16F7-4668-BE54-9A1E7A4F7556}") = "Challenge04", "2022\Challenge04\Challenge04.csproj", "{EF3ADD06-B803-443D-8AE1-C40ADFE8A45D}"
EndProject
Project("{9A19103F-16F7-4668-BE54-9A1E7A4F7556}") = "Challenge05", "2022\Challenge05\Challenge05.csproj", "{40A47AF7-FABA-48A2-90D6-08FFDDCB92B6}"
EndProject
Project("{2150E333-8FDC-42A3-9474-1A3956D46DE8}") = "2022", "2022", "{0331EA12-E897-4F9A-A54D-10F08F196E48}"
EndProject
Project("{2150E333-8FDC-42A3-9474-1A3956D46DE8}") = "2023", "2023", "{F04B6D73-3A5D-479C-8F9F-F3EA5FC44C32}"
EndProject
Project("{FAE04EC0-301F-11D3-BF4B-00C04F79EFBC}") = "Challenge01", "2023\Challenge01\Challenge01.csproj", "{8C095F93-8685-4C15-B0F5-EC4BB0706C81}"
EndProject
Global
	GlobalSection(SolutionConfigurationPlatforms) = preSolution
		Debug|Any CPU = Debug|Any CPU
		Release|Any CPU = Release|Any CPU
	EndGlobalSection
	GlobalSection(ProjectConfigurationPlatforms) = postSolution
		{BF68D29C-A9D6-4A9A-99AD-E0E72A199BDC}.Debug|Any CPU.ActiveCfg = Debug|Any CPU
		{BF68D29C-A9D6-4A9A-99AD-E0E72A199BDC}.Debug|Any CPU.Build.0 = Debug|Any CPU
		{BF68D29C-A9D6-4A9A-99AD-E0E72A199BDC}.Release|Any CPU.ActiveCfg = Release|Any CPU
		{BF68D29C-A9D6-4A9A-99AD-E0E72A199BDC}.Release|Any CPU.Build.0 = Release|Any CPU
		{34677E7D-B091-43AC-8F72-4657D641398C}.Debug|Any CPU.ActiveCfg = Debug|Any CPU
		{34677E7D-B091-43AC-8F72-4657D641398C}.Debug|Any CPU.Build.0 = Debug|Any CPU
		{34677E7D-B091-43AC-8F72-4657D641398C}.Release|Any CPU.ActiveCfg = Release|Any CPU
		{34677E7D-B091-43AC-8F72-4657D641398C}.Release|Any CPU.Build.0 = Release|Any CPU
		{7BDA936E-5666-4912-94FD-2D45960F18E2}.Debug|Any CPU.ActiveCfg = Debug|Any CPU
		{7BDA936E-5666-4912-94FD-2D45960F18E2}.Debug|Any CPU.Build.0 = Debug|Any CPU
		{7BDA936E-5666-4912-94FD-2D45960F18E2}.Release|Any CPU.ActiveCfg = Release|Any CPU
		{7BDA936E-5666-4912-94FD-2D45960F18E2}.Release|Any CPU.Build.0 = Release|Any CPU
		{EF3ADD06-B803-443D-8AE1-C40ADFE8A45D}.Debug|Any CPU.ActiveCfg = Debug|Any CPU
		{EF3ADD06-B803-443D-8AE1-C40ADFE8A45D}.Debug|Any CPU.Build.0 = Debug|Any CPU
		{EF3ADD06-B803-443D-8AE1-C40ADFE8A45D}.Release|Any CPU.ActiveCfg = Release|Any CPU
		{EF3ADD06-B803-443D-8AE1-C40ADFE8A45D}.Release|Any CPU.Build.0 = Release|Any CPU
		{40A47AF7-FABA-48A2-90D6-08FFDDCB92B6}.Debug|Any CPU.ActiveCfg = Debug|Any CPU
		{40A47AF7-FABA-48A2-90D6-08FFDDCB92B6}.Debug|Any CPU.Build.0 = Debug|Any CPU
		{40A47AF7-FABA-48A2-90D6-08FFDDCB92B6}.Release|Any CPU.ActiveCfg = Release|Any CPU
		{40A47AF7-FABA-48A2-90D6-08FFDDCB92B6}.Release|Any CPU.Build.0 = Release|Any CPU
		{8C095F93-8685-4C15-B0F5-EC4BB0706C81}.Debug|Any CPU.ActiveCfg = Debug|Any CPU
		{8C095F93-8685-4C15-B0F5-EC4BB0706C81}.Debug|Any CPU.Build.0 = Debug|Any CPU
		{8C095F93-8685-4C15-B0F5-EC4BB0706C81}.Release|Any CPU.ActiveCfg = Release|Any CPU
		{8C095F93-8685-4C15-B0F5-EC4BB0706C81}.Release|Any CPU.Build.0 = Release|Any CPU
	EndGlobalSection
	GlobalSection(SolutionProperties) = preSolution
		HideSolutionNode = FALSE
	EndGlobalSection
	GlobalSection(NestedProjects) = preSolution
		{BF68D29C-A9D6-4A9A-99AD-E0E72A199BDC} = {0331EA12-E897-4F9A-A54D-10F08F196E48}
		{34677E7D-B091-43AC-8F72-4657D641398C} = {0331EA12-E897-4F9A-A54D-10F08F196E48}
		{7BDA936E-5666-4912-94FD-2D45960F18E2} = {0331EA12-E897-4F9A-A54D-10F08F196E48}
		{EF3ADD06-B803-443D-8AE1-C40ADFE8A45D} = {0331EA12-E897-4F9A-A54D-10F08F196E48}
		{40A47AF7-FABA-48A2-90D6-08FFDDCB92B6} = {0331EA12-E897-4F9A-A54D-10F08F196E48}
		{8C095F93-8685-4C15-B0F5-EC4BB0706C81} = {F04B6D73-3A5D-479C-8F9F-F3EA5FC44C32}
	EndGlobalSection
	GlobalSection(ExtensibilityGlobals) = postSolution
		SolutionGuid = {F776CB71-E935-4D26-A160-E985C163AE09}
	EndGlobalSection
EndGlobal
